version = 1
revision = 3
requires-python = "==3.12.*"

[[package]]
name = "click"
version = "8.5.0"
source = { registry = "https://pypi.org/simple" }
sdist = { url = "https://files.pythonhosted.org/packages/c7/0e/7fa0ef50764b67090eca4114772a2abf8b6148198475e54c660b97caeee6/click-8.5.0.tar.gz", hash = "sha256:ba0d2089de75ea0310e2dde03160e6ca10009947fb95a182f9b54021bb272e34", size = 382235, upload-time = "2026-08-26T13:33:14.56Z" }
wheels = [
    { url = "https://files.pythonhosted.org/packages/58/50/6c0d534c5f134586a8e1ba4e330569e32f057e33372ae556463212fb4cd3/click-8.5.0-py3-none-any.whl", hash = "sha256:255bc9599cf7748b4b1a446ccc735421bd08a2ae529a8b88597d3de5664ee360", size = 125251, upload-time = "2026-08-26T13:33:12.928Z" },
]

[[package]]
name = "gitdb"
version = "4.0.12"
source = { registry = "https://pypi.org/simple" }
dependencies = [
    { name = "smmap" },
]
sdist = { url = "https://files.pythonhosted.org/packages/72/94/63b0fc47eb32792c7ba1fe1b694daec9a63620db1e313033d18140c2320a/gitdb-4.0.12.tar.gz", hash = "sha256:5ef71f855d191a3326fcfbc0d5da835f26b13fbcba60c32c21091c349ffdb571", size = 394684, upload-time = "2025-01-02T07:20:46.413Z" }
wheels = [
    { url = "https://files.pythonhosted.org/packages/a0/61/5c78b91c3143ed5c14207f463aecfc8f9dbb5092fb2869baf37c273b2705/gitdb-4.0.12-py3-none-any.whl", hash = "sha256:67073e15955400952c6565cc3e707c554a4eea2e428946f7a4c162fab9bd9bcf", size = 62794, upload-time = "2025-01-02T07:20:43.624Z" },
]

[[package]]
name = "gitpython"
version = "3.1.62"
source = { registry = "https://pypi.org/simple" }
dependencies = [
    { name = "gitdb" },
]
sdist = { url = "https://files.pythonhosted.org/packages/e0/db/3ca813cbacb23ab6fe46ff38a9b5ef8e73e970c8051f2ce903aacafe0446/gitpython-3.1.62.tar.gz", hash = "sha256:1791de66309bc0c7cfca40bf8d2e3de7ca091cbf94e6051be1ad0722c61062af", size = 231728, upload-time = "2026-09-07T02:57:21.155Z" }
wheels = [
    { url = "https://files.pythonhosted.org/packages/d6/0b/29d7965215f8ef830a7ca1f42997fe13e5693d85e9edb18f938d063ef5f2/gitpython-3.1.62-py3-none-any.whl", hash = "sha256:7002251225e10e29d2e1f49e6532613fe5d5d9f0b6f1f02997a52b38fe56899e", size = 222753, upload-time = "2026-09-07T02:57:19.762Z" },
]

[[package]]
name = "grimp"
version = "3.17"
source = { registry = "https://pypi.org/simple" }
sdist = { url = "https://files.pythonhosted.org/packages/ad/2e/95736b7c984705ff5ee376f07c6e71bb80fcbb22c8fa3b8c1cfbfa919d5c/grimp-3.17.tar.gz", hash = "sha256:5161e03c6f518fe4da43b06c97ff49a1e224ecb0e4b9fd6ef48235373d1b7b33", size = 832923, upload-time = "2026-09-04T11:28:54.609Z" }
wheels = [
    { url = "https://files.pythonhosted.org/packages/63/ba/e2e37adeac007a42b074c9156b3a155692fc5a1a32008fb8385546e5c92f/grimp-3.17-cp312-cp312-macosx_10_12_x86_64.whl", hash = "sha256:7375c3aea01495839360947df321d26dcebd037ef34a641627456f23fd91c63e", size = 2146861, upload-time = "2026-09-04T11:28:10.923Z" },
    { url = "https://files.pythonhosted.org/packages/97/d0/3ac947eb15b7c6fe615e01cdfef8152e8b2509c6d5439f7799fae1ca024c/grimp-3.17-cp312-cp312-macosx_11_0_arm64.whl", hash = "sha256:c7e75804d1d7f11813082b30a0cd7cf84f553c55d7c1edc28cde23656f1d1a40", size = 2090629, upload-time = "2026-09-04T11:28:03.234Z" },
    { url = "https://files.pythonhosted.org/packages/89/df/53d3eb18c3197ae2bb6c8be118026870cb89b2c33f99c7157345bc5e0734/grimp-3.17-cp312-cp312-manylinux_2_17_aarch64.manylinux2014_aarch64.whl", hash = "sha256:62f61d14aedfc0df57db6f7bc826df0f77f3c7115a2a5525aa76531ce2cb9fa6", size = 2277265, upload-time = "2026-09-04T11:27:00.481Z" },
    { url = "https://files.pythonhosted.org/packages/3e/a7/6615a81f83d8ee31c96b1d8fa9a5d12fceb82acc17a9e71b28768b8185b5/grimp-3.17-cp312-cp312-manylinux_2_17_armv7l.manylinux2014_armv7l.whl", hash = "sha256:76b1517920dd93df17f6cf0bb79a1ddf193993e87a60dec30bbe67a5139187f0", size = 2220699, upload-time = "2026-09-04T11:27:10.074Z" },
    { url = "https://files.pythonhosted.org/packages/39/60/487bb910bb5092a392f8b23ae8c5fde6d766bfe02e2c7a064ae9a14da30a/grimp-3.17-cp312-cp312-manylinux_2_17_i686.manylinux2014_i686.whl", hash = "sha256:8d55d03f5dc704b18fa7da04e7eebcc3b16b998b1e18818fb750e291b2991900", size = 2371257, upload-time = "2026-09-04T11:27:38.482Z" },
    { url = "https://files.pythonhosted.org/packages/73/52/5a280d6a9154b1f13a0c74082581cb699825535fdc194ae9ebc5d42c2252/grimp-3.17-cp312-cp312-manylinux_2_17_ppc64le.manylinux2014_ppc64le.whl", hash = "sha256:79b0be412bc19bf298290713e5a2b459fe2a518f921591046b85ba90425bff20", size = 2627111, upload-time = "2026-09-04T11:27:19.036Z" },
    { url = "https://files.pythonhosted.org/packages/ab/5a/5ef678b3f89a887a9e045dbfb5505876678323f8cf5a26f8b98d9ace875a/grimp-3.17-cp312-cp312-manylinux_2_17_s390x.manylinux2014_s390x.whl", hash = "sha256:2c03a30879a80950e268f03e81603b8c51dc141c944700a0a9d72b2d7484ab24", size = 2347083, upload-time = "2026-09-04T11:27:28.976Z" },
    { url = "https://files.pythonhosted.org/packages/1e/77/06e46d5682745570d16c051734a7edf7b3c045ad620440f635dbd86447c3/grimp-3.17-cp312-cp312-manylinux_2_17_x86_64.manylinux2014_x86_64.whl", hash = "sha256:ecf26d99a35ab7b5966af56118bb9344d1fd1b972d3c45dd5012effc7a68c844", size = 2284554, upload-time = "2026-09-04T11:27:50.665Z" },
    { url = "https://files.pythonhosted.org/packages/eb/22/c00c7073a0fce1f9494c564e12705b42a1c421a50515dcf7ffd8e1543024/grimp-3.17-cp312-cp312-musllinux_1_2_aarch64.whl", hash = "sha256:e205949a5fe6b83ac1ea28525bea2b4867f2b230a851e6dfcdfcfcee1e3dda09", size = 2455050, upload-time = "2026-09-04T11:28:18.529Z" },
    { url = "https://files.pythonhosted.org/packages/5b/23/f2b0bffa2a62a73ca8736b550161eab2b88f66e6a3c9f7def18310c2d087/grimp-3.17-cp312-cp312-musllinux_1_2_armv7l.whl", hash = "sha256:7e2b4d8aebae7142c401231043113910773f289a8d6f9d719273eb719f732b83", size = 2496303, upload-time = "2026-09-04T11:28:28.147Z" },
    { url = "https://files.pythonhosted.org/packages/02/54/b4dfc51d8c628f700512953c78656305a21ead767956a7fd7aa46f1021b1/grimp-3.17-cp312-cp312-musllinux_1_2_i686.whl", hash = "sha256:5abd95dc0a8f816d2816e847adb0ab09a7e3571fd0942ea31cf5248505862bac", size = 2528584, upload-time = "2026-09-04T11:28:37.526Z" },
    { url = "https://files.pythonhosted.org/packages/b5/60/73c088e1bee1a95a61cc3523abff149b0c211405834ca74996c76e6a3afa/grimp-3.17-cp312-cp312-musllinux_1_2_x86_64.whl", hash = "sha256:0ae6360f6b4f711abf97b8888c0269de3756ea484c829615e0c567c7bb1ce944", size = 2538538, upload-time = "2026-09-04T11:28:47.701Z" },
    { url = "https://files.pythonhosted.org/packages/9d/66/0ff96f79bb1c4ffff621f7b50babbea6151fbaad461327af961f1fa2e49e/grimp-3.17-cp312-cp312-win32.whl", hash = "sha256:b1ab648732d03fa2ec4d7619d934409399bf827009c4c50f429c8d0bdd0709fb", size = 1874539, upload-time = "2026-09-04T11:29:20.342Z" },
    { url = "https://files.pythonhosted.org/packages/a7/72/e2544f4ba4f42f7732bdc13d60c344fd9da30eb083eb8cba2e7c155d222e/grimp-3.17-cp312-cp312-win_amd64.whl", hash = "sha256:d10ae67a1ee0af6dee937e032f3acf707741d866a67f3c71e5ec6df3b758e5c0", size = 1999174, upload-time = "2026-09-04T11:29:09.19Z" },
    { url = "https://files.pythonhosted.org/packages/dd/9d/9b2da1ff2951e13b636673814ec7df699660f892f284bf2f3d53e991283c/grimp-3.17-cp312-cp312-win_arm64.whl", hash = "sha256:ff161c9aed2ca3db9bc592157a36914ae8440d8d8f3c6986843dec11523cd700", size = 1923198, upload-time = "2026-09-04T11:28:57.051Z" },
]

[[package]]
name = "import-linter"
version = "2.15"
source = { registry = "https://pypi.org/simple" }
dependencies = [
    { name = "click" },
    { name = "grimp" },
    { name = "rich" },
    { name = "typing-extensions" },
]
sdist = { url = "https://files.pythonhosted.org/packages/3c/81/1bb414f8c8bcd024499e91f112d317c36a86bc264da1fd43f9797fc2b7b0/import_linter-2.15.tar.gz", hash = "sha256:1da912bea5e172a82a3ce617b5543f75cf64dc0d8f4d9b46c5578b68ccb81590", size = 1405973, upload-time = "2026-09-04T14:47:56.097Z" }
wheels = [
    { url = "https://files.pythonhosted.org/packages/08/31/4571c20652a4002ed9e500046386f3731a77e23d95a608ae8a87f1fbb2da/import_linter-2.15-py3-none-any.whl", hash = "sha256:9aaf16a88ac1e99d5a464cd7f66b6a05f7060bfa761162e0ed441773a267ed3b", size = 640512, upload-time = "2026-09-04T14:47:54.878Z" },
]

[[package]]
name = "markdown-it-py"
version = "4.2.0"
source = { registry = "https://pypi.org/simple" }
dependencies = [
    { name = "mdurl" },
]
sdist = { url = "https://files.pythonhosted.org/packages/06/ff/7841249c247aa650a76b9ee4bbaeae59370dc8bfd2f6c01f3630c35eb134/markdown_it_py-4.2.0.tar.gz", hash = "sha256:04a21681d6fbb623de53f6f364d352309d4094dd4194040a10fd51833e418d49", size = 82454, upload-time = "2026-05-07T12:08:28.36Z" }
wheels = [
    { url = "https://files.pythonhosted.org/packages/b3/81/4da04ced5a082363ecfa159c010d200ecbd959ae410c10c0264a38cac0f5/markdown_it_py-4.2.0-py3-none-any.whl", hash = "sha256:9f7ebbcd14fe59494226453aed97c1070d83f8d24b6fc3a3bcf9a38092641c4a", size = 91687, upload-time = "2026-05-07T12:08:27.182Z" },
]

[[package]]
name = "mdurl"
version = "0.1.2"
source = { registry = "https://pypi.org/simple" }
sdist = { url = "https://files.pythonhosted.org/packages/d6/54/cfe61301667036ec958cb99bd3efefba235e65cdeb9c84d24a8293ba1d90/mdurl-0.1.2.tar.gz", hash = "sha256:bb413d29f5eea38f31dd4754dd7377d4465116fb207585f97bf925588687c1ba", size = 8729, upload-time = "2022-08-14T12:40:10.846Z" }
wheels = [
    { url = "https://files.pythonhosted.org/packages/b3/38/89ba8ad64ae25be8de66a6d463314cf1eb366222074cfda9ee839c56a4b4/mdurl-0.1.2-py3-none-any.whl", hash = "sha256:84008a41e51615a49fc9966191ff91509e3c40b939176e643fd50a5c2196b8f8", size = 9979, upload-time = "2022-08-14T12:40:09.779Z" },
]

[[package]]
name = "meerkritic"
version = "0.0.0"
source = { virtual = "." }

[package.dev-dependencies]
dev = [
    { name = "import-linter" },
    { name = "ruff" },
    { name = "tach" },
]

[package.metadata]

[package.metadata.requires-dev]
dev = [
    { name = "import-linter" },
    { name = "ruff" },
    { name = "tach" },
]

[[package]]
name = "networkx"
version = "3.6.1"
source = { registry = "https://pypi.org/simple" }
sdist = { url = "https://files.pythonhosted.org/packages/6a/51/63fe664f3908c97be9d2e4f1158eb633317598cfa6e1fc14af5383f17512/networkx-3.6.1.tar.gz", hash = "sha256:26b7c357accc0c8cde558ad486283728b65b6a95d85ee1cd66bafab4c8168509", size = 2517025, upload-time = "2025-12-08T17:02:39.908Z" }
wheels = [
    { url = "https://files.pythonhosted.org/packages/9e/c9/b2622292ea83fbb4ec318f5b9ab867d0a28ab43c5717bb85b0a5f6b3b0a4/networkx-3.6.1-py3-none-any.whl", hash = "sha256:d47fbf302e7d9cbbb9e2555a0d267983d2aa476bac30e90dfbe5669bd57f3762", size = 2068504, upload-time = "2025-12-08T17:02:38.159Z" },
]

[[package]]
name = "prompt-toolkit"
version = "3.0.53"
source = { registry = "https://pypi.org/simple" }
dependencies = [
    { name = "wcwidth" },
]
sdist = { url = "https://files.pythonhosted.org/packages/7d/ea/39b988c938f75cb75d7045b5c69f8bfed47ee2152c8837fb403de29d6fb8/prompt_toolkit-3.0.53.tar.gz", hash = "sha256:9ec8a0ad96d5c56148b3f914aa79c1564c3fde5d2e6b876e7bc327e353cf8fa6", size = 435492, upload-time = "2026-07-26T20:56:14.758Z" }
wheels = [
    { url = "https://files.pythonhosted.org/packages/54/6f/84908cad2d6aa5144abcf7b42709fe4fdb459bc640ec7ac5786e7693dabc/prompt_toolkit-3.0.53-py3-none-any.whl", hash = "sha256:01c0891d7f9237d5e339f7d3e42cdae80b7534abb1c7c0e3352efba6231492f2", size = 392288, upload-time = "2026-07-26T20:56:12.512Z" },
]

[[package]]
name = "pydot"
version = "4.0.1"
source = { registry = "https://pypi.org/simple" }
dependencies = [
    { name = "pyparsing" },
]
sdist = { url = "https://files.pythonhosted.org/packages/50/35/b17cb89ff865484c6a20ef46bf9d95a5f07328292578de0b295f4a6beec2/pydot-4.0.1.tar.gz", hash = "sha256:c2148f681c4a33e08bf0e26a9e5f8e4099a82e0e2a068098f32ce86577364ad5", size = 162594, upload-time = "2025-06-17T20:09:56.454Z" }
wheels = [
    { url = "https://files.pythonhosted.org/packages/7e/32/a7125fb28c4261a627f999d5fb4afff25b523800faed2c30979949d6facd/pydot-4.0.1-py3-none-any.whl", hash = "sha256:869c0efadd2708c0be1f916eb669f3d664ca684bc57ffb7ecc08e70d5e93fee6", size = 37087, upload-time = "2025-06-17T20:09:55.25Z" },
]

[[package]]
name = "pygments"
version = "2.21.0"
source = { registry = "https://pypi.org/simple" }
sdist = { url = "https://files.pythonhosted.org/packages/49/2e/ced460408999b33da6b31b0021b0f37d329e202d4169aeb164493778f25b/pygments-2.21.0.tar.gz", hash = "sha256:610ca751c9bc2492b38eb9a38a7fbc93edbbb2d7182edaf34e66ae493dee5c8c", size = 5005329, upload-time = "2026-08-17T08:02:48.824Z" }
wheels = [
    { url = "https://files.pythonhosted.org/packages/71/46/17f022dd3e953bf20a04a028a21ec746d942f8d2af30fa0f124fa0e6a684/pygments-2.21.0-py3-none-any.whl", hash = "sha256:2363c69b61c4a97c838da3b130dcd6468f4848992b21a82f2a63ec34377137d9", size = 1250147, upload-time = "2026-08-17T08:02:44.912Z" },
]

[[package]]
name = "pyparsing"
version = "3.3.2"
source = { registry = "https://pypi.org/simple" }
sdist = { url = "https://files.pythonhosted.org/packages/f3/91/9c6ee907786a473bf81c5f53cf703ba0957b23ab84c264080fb5a450416f/pyparsing-3.3.2.tar.gz", hash = "sha256:c777f4d763f140633dcb6d8a3eda953bf7a214dc4eff598413c070bcdc117cbc", size = 6851574, upload-time = "2026-01-21T03:57:59.36Z" }
wheels = [
    { url = "https://files.pythonhosted.org/packages/10/bd/c038d7cc38edc1aa5bf91ab8068b63d4308c66c4c8bb3cbba7dfbc049f9c/pyparsing-3.3.2-py3-none-any.whl", hash = "sha256:850ba148bd908d7e2411587e247a1e4f0327839c40e2e5e6d05a007ecc69911d", size = 122781, upload-time = "2026-01-21T03:57:55.912Z" },
]

[[package]]
name = "pyyaml"
version = "6.0.3"
source = { registry = "https://pypi.org/simple" }
sdist = { url = "https://files.pythonhosted.org/packages/05/8e/961c0007c59b8dd7729d542c61a4d537767a59645b82a0b521206e1e25c2/pyyaml-6.0.3.tar.gz", hash = "sha256:d76623373421df22fb4cf8817020cbb7ef15c725b9d5e45f17e189bfc384190f", size = 130960, upload-time = "2025-09-25T21:33:16.546Z" }
wheels = [
    { url = "https://files.pythonhosted.org/packages/d1/33/422b98d2195232ca1826284a76852ad5a86fe23e31b009c9886b2d0fb8b2/pyyaml-6.0.3-cp312-cp312-macosx_10_13_x86_64.whl", hash = "sha256:7f047e29dcae44602496db43be01ad42fc6f1cc0d8cd6c83d342306c32270196", size = 182063, upload-time = "2025-09-25T21:32:11.445Z" },
    { url = "https://files.pythonhosted.org/packages/89/a0/6cf41a19a1f2f3feab0e9c0b74134aa2ce6849093d5517a0c550fe37a648/pyyaml-6.0.3-cp312-cp312-macosx_11_0_arm64.whl", hash = "sha256:fc09d0aa354569bc501d4e787133afc08552722d3ab34836a80547331bb5d4a0", size = 173973, upload-time = "2025-09-25T21:32:12.492Z" },
    { url = "https://files.pythonhosted.org/packages/ed/23/7a778b6bd0b9a8039df8b1b1d80e2e2ad78aa04171592c8a5c43a56a6af4/pyyaml-6.0.3-cp312-cp312-manylinux2014_aarch64.manylinux_2_17_aarch64.manylinux_2_28_aarch64.whl", hash = "sha256:9149cad251584d5fb4981be1ecde53a1ca46c891a79788c0df828d2f166bda28", size = 775116, upload-time = "2025-09-25T21:32:13.652Z" },
    { url = "https://files.pythonhosted.org/packages/65/30/d7353c338e12baef4ecc1b09e877c1970bd3382789c159b4f89d6a70dc09/pyyaml-6.0.3-cp312-cp312-manylinux2014_s390x.manylinux_2_17_s390x.manylinux_2_28_s390x.whl", hash = "sha256:5fdec68f91a0c6739b380c83b951e2c72ac0197ace422360e6d5a959d8d97b2c", size = 844011, upload-time = "2025-09-25T21:32:15.21Z" },
    { url = "https://files.pythonhosted.org/packages/8b/9d/b3589d3877982d4f2329302ef98a8026e7f4443c765c46cfecc8858c6b4b/pyyaml-6.0.3-cp312-cp312-manylinux2014_x86_64.manylinux_2_17_x86_64.manylinux_2_28_x86_64.whl", hash = "sha256:ba1cc08a7ccde2d2ec775841541641e4548226580ab850948cbfda66a1befcdc", size = 807870, upload-time = "2025-09-25T21:32:16.431Z" },
    { url = "https://files.pythonhosted.org/packages/05/c0/b3be26a015601b822b97d9149ff8cb5ead58c66f981e04fedf4e762f4bd4/pyyaml-6.0.3-cp312-cp312-musllinux_1_2_aarch64.whl", hash = "sha256:8dc52c23056b9ddd46818a57b78404882310fb473d63f17b07d5c40421e47f8e", size = 761089, upload-time = "2025-09-25T21:32:17.56Z" },
    { url = "https://files.pythonhosted.org/packages/be/8e/98435a21d1d4b46590d5459a22d88128103f8da4c2d4cb8f14f2a96504e1/pyyaml-6.0.3-cp312-cp312-musllinux_1_2_x86_64.whl", hash = "sha256:41715c910c881bc081f1e8872880d3c650acf13dfa8214bad49ed4cede7c34ea", size = 790181, upload-time = "2025-09-25T21:32:18.834Z" },
    { url = "https://files.pythonhosted.org/packages/74/93/7baea19427dcfbe1e5a372d81473250b379f04b1bd3c4c5ff825e2327202/pyyaml-6.0.3-cp312-cp312-win32.whl", hash = "sha256:96b533f0e99f6579b3d4d4995707cf36df9100d67e0c8303a0c55b27b5f99bc5", size = 137658, upload-time = "2025-09-25T21:32:20.209Z" },
    { url = "https://files.pythonhosted.org/packages/86/bf/899e81e4cce32febab4fb42bb97dcdf66bc135272882d1987881a4b519e9/pyyaml-6.0.3-cp312-cp312-win_amd64.whl", hash = "sha256:5fcd34e47f6e0b794d17de1b4ff496c00986e1c83f7ab2fb8fcfe9616ff7477b", size = 154003, upload-time = "2025-09-25T21:32:21.167Z" },
    { url = "https://files.pythonhosted.org/packages/1a/08/67bd04656199bbb51dbed1439b7f27601dfb576fb864099c7ef0c3e55531/pyyaml-6.0.3-cp312-cp312-win_arm64.whl", hash = "sha256:64386e5e707d03a7e172c0701abfb7e10f0fb753ee1d773128192742712a98fd", size = 140344, upload-time = "2025-09-25T21:32:22.617Z" },
]

[[package]]
name = "rich"
version = "15.0.0"
source = { registry = "https://pypi.org/simple" }
dependencies = [
    { name = "markdown-it-py" },
    { name = "pygments" },
]
sdist = { url = "https://files.pythonhosted.org/packages/c0/8f/0722ca900cc807c13a6a0c696dacf35430f72e0ec571c4275d2371fca3e9/rich-15.0.0.tar.gz", hash = "sha256:edd07a4824c6b40189fb7ac9bc4c52536e9780fbbfbddf6f1e2502c31b068c36", size = 230680, upload-time = "2026-04-12T08:24:00.75Z" }
wheels = [
    { url = "https://files.pythonhosted.org/packages/82/3b/64d4899d73f91ba49a8c18a8ff3f0ea8f1c1d75481760df8c68ef5235bf5/rich-15.0.0-py3-none-any.whl", hash = "sha256:33bd4ef74232fb73fe9279a257718407f169c09b78a87ad3d296f548e27de0bb", size = 310654, upload-time = "2026-04-12T08:24:02.83Z" },
]

[[package]]
name = "ruff"
version = "0.16.8"
source = { registry = "https://pypi.org/simple" }
sdist = { url = "https://files.pythonhosted.org/packages/ba/78/449cb84790bd5cc3823b2652ee405a4558856e5c4195aee3a16bf7b3eb5d/ruff-0.16.8.tar.gz", hash = "sha256:9247bf92b5f04d825c8639a4fe423ec2e4222acd9222e58412b0dab7e442798b", size = 4938814, upload-time = "2026-09-16T15:54:46.688Z" }
wheels = [
    { url = "https://files.pythonhosted.org/packages/ac/25/6071aabc530e9be7e2c195e8fe3f7aea2735405b6cf447212832d7811831/ruff-0.16.8-py3-none-linux_armv6l.whl", hash = "sha256:6ffbd6d87383c1edf5f6fa890f10200950240d7c1a16052a19a09d3a2307dd38", size = 10048966, upload-time = "2026-09-16T15:53:57.605Z" },
    { url = "https://files.pythonhosted.org/packages/54/98/07f90ecbc74dd5fb5764f11f2bc774d6a7cffef92d2ff5f5b4e9e23c754e/ruff-0.16.8-py3-none-macosx_10_12_x86_64.whl", hash = "sha256:42ed6b878ed61e3acca92f2730a17acff39286944ea82398544696366a6f925e", size = 10165498, upload-time = "2026-09-16T15:54:01.14Z" },
    { url = "https://files.pythonhosted.org/packages/fe/1f/e6a712e3b47cad4a40600134105ed193cb773f618a42eb7ba323cb812cc0/ruff-0.16.8-py3-none-macosx_11_0_arm64.whl", hash = "sha256:7ea781c7f2afba8c6a505ea0fb3f994020249e0c450635f5381286fea6b46170", size = 9830004, upload-time = "2026-09-16T15:54:03.998Z" },
    { url = "https://files.pythonhosted.org/packages/23/f2/311a08776d75d81c7676e20b6b020ae63cbe881fcdc7a8dd64e6e18bdd93/ruff-0.16.8-py3-none-manylinux_2_17_aarch64.manylinux2014_aarch64.whl", hash = "sha256:8efeae3bbe414a5efefda11a792dfb51ef90ac48d50c4830de2f644caf3e8659", size = 9986558, upload-time = "2026-09-16T15:54:06.804Z" },
    { url = "https://files.pythonhosted.org/packages/f3/ed/37b6cb3d3ba8c73e68ae3eb1d502383beb5aa05a582bb7bb3a922f929f54/ruff-0.16.8-py3-none-manylinux_2_17_armv7l.manylinux2014_armv7l.whl", hash = "sha256:3a79b795469fef7fc6e908b218eed2eb17332afd85031db6480dc864560e69b2", size = 9877332, upload-time = "2026-09-16T15:54:09.552Z" },
    { url = "https://files.pythonhosted.org/packages/22/cc/40873a8f36ad084cc540d55fcca7077264d5b13b24659e9180c176fb2b08/ruff-0.16.8-py3-none-manylinux_2_17_i686.manylinux2014_i686.whl", hash = "sha256:3fdc5563cdc50555e6fba39322850860e9267c1b3d12c26a74729d8604c3c812", size = 10507125, upload-time = "2026-09-16T15:54:12.152Z" },
    { url = "https://files.pythonhosted.org/packages/c3/e4/fc91a642b78ccbab6b9477720f3644ae7a10a9bcce69a934679cd64f62bc/ruff-0.16.8-py3-none-manylinux_2_17_ppc64le.manylinux2014_ppc64le.whl", hash = "sha256:34508983c70665578dab88f5223d8e6228307e1135398ca8bfc8b7e9501e282b", size = 11336694, upload-time = "2026-09-16T15:54:15.489Z" },
    { url = "https://files.pythonhosted.org/packages/c2/3d/bbd2a9a600a4e73dc3e7548a249c8d1671273464b55822c6fae50f602dff/ruff-0.16.8-py3-none-manylinux_2_17_s390x.manylinux2014_s390x.whl", hash = "sha256:644bb578569e0ffc575741232bd385dacdd6fbe123f1a729e7a225f54aa3957f", size = 10774448, upload-time = "2026-09-16T15:54:18.16Z" },
    { url = "https://files.pythonhosted.org/packages/1a/41/d83af9879a7b6e8bf5fe16b1da0b134049d2f5d3afac12defb0897cb84bd/ruff-0.16.8-py3-none-manylinux_2_17_x86_64.manylinux2014_x86_64.whl", hash = "sha256:15e7d226246961db9235098333caa13063906d3851136b84c2900b82f5daa1df", size = 10323796, upload-time = "2026-09-16T15:54:20.743Z" },
    { url = "https://files.pythonhosted.org/packages/f5/2c/cefd07bfe914b84943ea769ade8d607bd22750b965d3228eefd7cebd15d0/ruff-0.16.8-py3-none-manylinux_2_31_riscv64.whl", hash = "sha256:a2bf6bc3e9ebdd4449abc6f06cf64b98051a2c61cf94d2fe9596518c881f1a1e", size = 10514115, upload-time = "2026-09-16T15:54:23.497Z" },
    { url = "https://files.pythonhosted.org/packages/f3/9d/76a2e26c79a23be6e6e3664c57bec9e9fc8de155cfb9e4b67ea91b64f9d7/ruff-0.16.8-py3-none-musllinux_1_2_aarch64.whl", hash = "sha256:6ca111ba0849539165e9e59d2b442542f3c1e8060ebbdea82494f1ffbccb1e1f", size = 10072582, upload-time = "2026-09-16T15:54:26.185Z" },
    { url = "https://files.pythonhosted.org/packages/2e/d4/f42edddb39668af1a559ceafa3823aedd65633a48dc9768e775485faa2c1/ruff-0.16.8-py3-none-musllinux_1_2_armv7l.whl", hash = "sha256:359a1e5b495448ee1e91018064382ebc86f90e8aac2fed222c7d0e4e8df85fd2", size = 9879644, upload-time = "2026-09-16T15:54:29.278Z" },
    { url = "https://files.pythonhosted.org/packages/f8/d4/913e3195d95e0378786c6656945c865f534a3560e29139da4882aff630d1/ruff-0.16.8-py3-none-musllinux_1_2_i686.whl", hash = "sha256:59e8f5681349474110b24d62e93cfda6593f5fa3473446ca3705200cac1a08b9", size = 10231569, upload-time = "2026-09-16T15:54:32.036Z" },
    { url = "https://files.pythonhosted.org/packages/2b/c4/8aa6ea0bdcedbd1bf87397e2fc4ed8406448ea5842f8660bc6e5f163039d/ruff-0.16.8-py3-none-musllinux_1_2_x86_64.whl", hash = "sha256:efa3e7a16d1baaa79957888dfdf8be9ef2e44db81cb032af06d76632ab59e773", size = 10663666, upload-time = "2026-09-16T15:54:34.838Z" },
    { url = "https://files.pythonhosted.org/packages/3d/02/7f10ef4700bc223c30a3fdd10631a29830c45524b810a3c7ed947af64591/ruff-0.16.8-py3-none-win32.whl", hash = "sha256:55793ba85c69921e89be061426d91a78652d6e50317c962240922747a4eb713f", size = 10093472, upload-time = "2026-09-16T15:54:37.47Z" },
    { url = "https://files.pythonhosted.org/packages/1e/5d/a509c07d714b6da88f2c518b4637cf6f1d46b074be8f0f1e5fb9ff5126fe/ruff-0.16.8-py3-none-win_amd64.whl", hash = "sha256:a6b85621fd3c81e31fc5f5add09c9c078b430db3595ca632efafdec9e64ebfaa", size = 10586899, upload-time = "2026-09-16T15:54:40.488Z" },
    { url = "https://files.pythonhosted.org/packages/fe/a0/50787329e4f20bf9dc9f6230015d46ec69c51a97ace5bc202dae4755365d/ruff-0.16.8-py3-none-win_arm64.whl", hash = "sha256:d075e820af612102ce217f07cc93e69f9490b10ec13ea85fa87bd03d996cef8a", size = 10386316, upload-time = "2026-09-16T15:54:43.332Z" },
]

[[package]]
name = "smmap"
version = "5.0.3"
source = { registry = "https://pypi.org/simple" }
sdist = { url = "https://files.pythonhosted.org/packages/1f/ea/49c993d6dfdd7338c9b1000a0f36817ed7ec84577ae2e52f890d1a4ff909/smmap-5.0.3.tar.gz", hash = "sha256:4d9debb8b99007ae47165abc08670bd74cb74b5227dda7f643eccc4e9eb5642c", size = 22506, upload-time = "2026-03-09T03:43:26.1Z" }
wheels = [
    { url = "https://files.pythonhosted.org/packages/c1/d4/59e74daffcb57a07668852eeeb6035af9f32cbfd7a1d2511f17d2fe6a738/smmap-5.0.3-py3-none-any.whl", hash = "sha256:c106e05d5a61449cf6ba9a1e650227ecfb141590d2a98412103ff35d89fc7b2f", size = 24390, upload-time = "2026-03-09T03:43:24.361Z" },
]

[[package]]
name = "tach"
version = "0.35.1"
source = { registry = "https://pypi.org/simple" }
dependencies = [
    { name = "gitpython" },
    { name = "networkx" },
    { name = "prompt-toolkit" },
    { name = "pydot" },
    { name = "pyyaml" },
    { name = "rich" },
    { name = "tomli" },
    { name = "tomli-w" },
]
sdist = { url = "https://files.pythonhosted.org/packages/f3/66/d5b253c9e846a2de009d14fbf3fa352a2f8fe74d0184ae3dbe453772f2fa/tach-0.35.1.tar.gz", hash = "sha256:72a30df29fcf6cfef4cf145447eef23c1432377594d37b0b28ab195e11ccfe64", size = 733511, upload-time = "2026-09-14T12:00:04.256Z" }
wheels = [
    { url = "https://files.pythonhosted.org/packages/8d/00/95a1b96312854e65782a43c3a86b03417916f83466c73432cd646f23b859/tach-0.35.1-cp37-abi3-macosx_10_12_x86_64.whl", hash = "sha256:f1bd7c24e3df8fe7254ac543acb04ae7b016f6f7b25e731e3746a2d505932e18", size = 4071809, upload-time = "2026-09-14T11:59:56.436Z" },
    { url = "https://files.pythonhosted.org/packages/64/c6/32f14b791f95dc9b4de09a369257bfc851962a29ad498e5cd24f34febe83/tach-0.35.1-cp37-abi3-macosx_11_0_arm64.whl", hash = "sha256:586891d8a4a963b87c3120aaf1872300065b169655f537b87b94bb2dca39b2d1", size = 3959845, upload-time = "2026-09-14T11:59:54.196Z" },
    { url = "https://files.pythonhosted.org/packages/c9/86/7b3b69bc7cfec8495fb153daa6eda92218b1b79a223a0f245095373e2786/tach-0.35.1-cp37-abi3-manylinux_2_17_aarch64.manylinux2014_aarch64.whl", hash = "sha256:898cf75fd0801359bf8ec97a98057234bdb03ee71f95fd5b23e2a9a7e9bd9584", size = 4314920, upload-time = "2026-09-14T11:59:46.303Z" },
    { url = "https://files.pythonhosted.org/packages/24/8b/95185f077bac5c748786401f928f93b301158cfc0f5cd22f3deff72a2c49/tach-0.35.1-cp37-abi3-manylinux_2_17_armv7l.manylinux2014_armv7l.whl", hash = "sha256:5e058235503560414abdcabe4ab3f1311b0af6fbf29fee2aad1ffe1b68b084cc", size = 4221087, upload-time = "2026-09-14T11:59:50.587Z" },
    { url = "https://files.pythonhosted.org/packages/38/0c/c47a60dbbc60f1f9c5e5d88d0e5b03e7ffbebb64af8b731bbd4b2a06f02e/tach-0.35.1-cp37-abi3-manylinux_2_17_i686.manylinux2014_i686.whl", hash = "sha256:db255b02a23191313544ce8fb027ca886d21eca9185dd8a2a3724b0ada098cd9", size = 4622973, upload-time = "2026-09-14T12:00:09.252Z" },
    { url = "https://files.pythonhosted.org/packages/9e/64/ee9b750191e6bf43e34a468f74a2f30090ec1339f0fcf63bcd8e357bc284/tach-0.35.1-cp37-abi3-manylinux_2_17_ppc64le.manylinux2014_ppc64le.whl", hash = "sha256:b5e263401ab7718ed5cd7027615557023ce01c96ab2fd892ca2ed3f517299b13", size = 5279985, upload-time = "2026-09-14T11:59:58.392Z" },
    { url = "https://files.pythonhosted.org/packages/81/95/b4e3234c63e3b3b41f1fc3a7cefef56c3e1ae196c2a1112f23ca4686f338/tach-0.35.1-cp37-abi3-manylinux_2_17_s390x.manylinux2014_s390x.whl", hash = "sha256:c29d57de5b247c42544af135fa62536db6e5bad5891793a5756ed6563e1edf76", size = 4343692, upload-time = "2026-09-14T12:00:02.599Z" },
    { url = "https://files.pythonhosted.org/packages/ec/54/99aa72a2f72a9682b1e2f8b75e8fe2a17c6f78556c156cad11f3cf12c139/tach-0.35.1-cp37-abi3-manylinux_2_17_x86_64.manylinux2014_x86_64.whl", hash = "sha256:3765c38fb8608c81411a2a5399d1225a250e61dd4890bd4a1b725104af65a0cb", size = 4577553, upload-time = "2026-09-14T12:00:14.417Z" },
    { url = "https://files.pythonhosted.org/packages/21/0b/df8e0801a4a8fcb5231bf8539ba42801946ce24043410aa4e244a312d8d5/tach-0.35.1-cp37-abi3-musllinux_1_2_aarch64.whl", hash = "sha256:40f6a24244b0a8593a8030c5a4a7ceeddaafca763c03e47750dfaed30466666d", size = 4488282, upload-time = "2026-09-14T11:59:48.495Z" },
    { url = "https://files.pythonhosted.org/packages/40/5e/50336da6289da448e0dc958d861edddd6529d749b869570f3071c3260a9b/tach-0.35.1-cp37-abi3-musllinux_1_2_armv7l.whl", hash = "sha256:d9ebe880217101a8b984a1aa19487462320ba5d89bae5961a50d1b830b7d0d9b", size = 4493930, upload-time = "2026-09-14T11:59:52.409Z" },
    { url = "https://files.pythonhosted.org/packages/ef/46/05a52ffddfd1dc402c71a4e3347b5cf1b72bf7f46a90e88b7293b3673466/tach-0.35.1-cp37-abi3-musllinux_1_2_i686.whl", hash = "sha256:00eedc986fd7cdab9a169964f3dd73aa8ac89dd6f1e91e59c3b3851a3d589cff", size = 4637802, upload-time = "2026-09-14T12:00:11.264Z" },
    { url = "https://files.pythonhosted.org/packages/60/9c/1248ddb7bfad9e0b6194a158d7c00e1a9ba97fa4c8c13329de052a0582d2/tach-0.35.1-cp37-abi3-musllinux_1_2_ppc64le.whl", hash = "sha256:2f6548c9c1cc232f0ba35a08e7b2c24b3d0e2f0d51392dbe0bd0e37c088f1775", size = 5407705, upload-time = "2026-09-14T12:00:00.422Z" },
    { url = "https://files.pythonhosted.org/packages/b9/57/54a3c4d0cda115e3f769c45d844c9e12b404ff2a1171ed152a20f253ea1e/tach-0.35.1-cp37-abi3-musllinux_1_2_x86_64.whl", hash = "sha256:e7ff352cfc4bd627720cc3c9cbf0dd930d5e740306cd3c87b4519604b1b2349d", size = 4610723, upload-time = "2026-09-14T12:00:16.22Z" },
    { url = "https://files.pythonhosted.org/packages/39/71/d1e483360ef95fa1e067f1c86ab269a27f11ad801276d16d5bfb09ab7974/tach-0.35.1-cp37-abi3-win32.whl", hash = "sha256:6888312a598da48e24b89d272397bb357a93e1312767d2c4b7e75abdc43d924f", size = 3446015, upload-time = "2026-09-14T12:00:07.461Z" },
    { url = "https://files.pythonhosted.org/packages/4e/e1/e8959ee0f771cb8e32bd10a9f4258cc3f08a359cf54b7ebc36fea445c14c/tach-0.35.1-cp37-abi3-win_amd64.whl", hash = "sha256:5b153fdc159306dbc1443a099973e7f15c5a4bc564865a36a47217edd24ab0f4", size = 3712246, upload-time = "2026-09-14T12:00:05.755Z" },
]

[[package]]
name = "tomli"
version = "2.4.1"
source = { registry = "https://pypi.org/simple" }
sdist = { url = "https://files.pythonhosted.org/packages/22/de/48c59722572767841493b26183a0d1cc411d54fd759c5607c4590b6563a6/tomli-2.4.1.tar.gz", hash = "sha256:7c7e1a961a0b2f2472c1ac5b69affa0ae1132c39adcb67aba98568702b9cc23f", size = 17543, upload-time = "2026-03-25T20:22:03.828Z" }
wheels = [
    { url = "https://files.pythonhosted.org/packages/c1/ba/42f134a3fe2b370f555f44b1d72feebb94debcab01676bf918d0cb70e9aa/tomli-2.4.1-cp312-cp312-macosx_10_13_x86_64.whl", hash = "sha256:c742f741d58a28940ce01d58f0ab2ea3ced8b12402f162f4d534dfe18ba1cd6a", size = 155924, upload-time = "2026-03-25T20:21:21.626Z" },
    { url = "https://files.pythonhosted.org/packages/dc/c7/62d7a17c26487ade21c5422b646110f2162f1fcc95980ef7f63e73c68f14/tomli-2.4.1-cp312-cp312-macosx_11_0_arm64.whl", hash = "sha256:7f86fd587c4ed9dd76f318225e7d9b29cfc5a9d43de44e5754db8d1128487085", size = 150018, upload-time = "2026-03-25T20:21:23.002Z" },
    { url = "https://files.pythonhosted.org/packages/5c/05/79d13d7c15f13bdef410bdd49a6485b1c37d28968314eabee452c22a7fda/tomli-2.4.1-cp312-cp312-manylinux2014_aarch64.manylinux_2_17_aarch64.manylinux_2_28_aarch64.whl", hash = "sha256:ff18e6a727ee0ab0388507b89d1bc6a22b138d1e2fa56d1ad494586d61d2eae9", size = 244948, upload-time = "2026-03-25T20:21:24.04Z" },
    { url = "https://files.pythonhosted.org/packages/10/90/d62ce007a1c80d0b2c93e02cab211224756240884751b94ca72df8a875ca/tomli-2.4.1-cp312-cp312-manylinux2014_x86_64.manylinux_2_17_x86_64.manylinux_2_28_x86_64.whl", hash = "sha256:136443dbd7e1dee43c68ac2694fde36b2849865fa258d39bf822c10e8068eac5", size = 253341, upload-time = "2026-03-25T20:21:25.177Z" },
    { url = "https://files.pythonhosted.org/packages/1a/7e/caf6496d60152ad4ed09282c1885cca4eea150bfd007da84aea07bcc0a3e/tomli-2.4.1-cp312-cp312-musllinux_1_2_aarch64.whl", hash = "sha256:5e262d41726bc187e69af7825504c933b6794dc3fbd5945e41a79bb14c31f585", size = 248159, upload-time = "2026-03-25T20:21:26.364Z" },
    { url = "https://files.pythonhosted.org/packages/99/e7/c6f69c3120de34bbd882c6fba7975f3d7a746e9218e56ab46a1bc4b42552/tomli-2.4.1-cp312-cp312-musllinux_1_2_x86_64.whl", hash = "sha256:5cb41aa38891e073ee49d55fbc7839cfdb2bc0e600add13874d048c94aadddd1", size = 253290, upload-time = "2026-03-25T20:21:27.46Z" },
    { url = "https://files.pythonhosted.org/packages/d6/2f/4a3c322f22c5c66c4b836ec58211641a4067364f5dcdd7b974b4c5da300c/tomli-2.4.1-cp312-cp312-win32.whl", hash = "sha256:da25dc3563bff5965356133435b757a795a17b17d01dbc0f42fb32447ddfd917", size = 98141, upload-time = "2026-03-25T20:21:28.492Z" },
    { url = "https://files.pythonhosted.org/packages/24/22/4daacd05391b92c55759d55eaee21e1dfaea86ce5c571f10083360adf534/tomli-2.4.1-cp312-cp312-win_amd64.whl", hash = "sha256:52c8ef851d9a240f11a88c003eacb03c31fc1c9c4ec64a99a0f922b93874fda9", size = 108847, upload-time = "2026-03-25T20:21:29.386Z" },
    { url = "https://files.pythonhosted.org/packages/68/fd/70e768887666ddd9e9f5d85129e84910f2db2796f9096aa02b721a53098d/tomli-2.4.1-cp312-cp312-win_arm64.whl", hash = "sha256:f758f1b9299d059cc3f6546ae2af89670cb1c4d48ea29c3cacc4fe7de3058257", size = 95088, upload-time = "2026-03-25T20:21:30.677Z" },
    { url = "https://files.pythonhosted.org/packages/7b/61/cceae43728b7de99d9b847560c262873a1f6c98202171fd5ed62640b494b/tomli-2.4.1-py3-none-any.whl", hash = "sha256:0d85819802132122da43cb86656f8d1f8c6587d54ae7dcaf30e90533028b49fe", size = 14583, upload-time = "2026-03-25T20:22:03.012Z" },
]

[[package]]
name = "tomli-w"
version = "1.2.0"
source = { registry = "https://pypi.org/simple" }
sdist = { url = "https://files.pythonhosted.org/packages/19/75/241269d1da26b624c0d5e110e8149093c759b7a286138f4efd61a60e75fe/tomli_w-1.2.0.tar.gz", hash = "sha256:2dd14fac5a47c27be9cd4c976af5a12d87fb1f0b4512f81d69cce3b35ae25021", size = 7184, upload-time = "2025-01-15T12:07:24.262Z" }
wheels = [
    { url = "https://files.pythonhosted.org/packages/c7/18/c86eb8e0202e32dd3df50d43d7ff9854f8e0603945ff398974c1d91ac1ef/tomli_w-1.2.0-py3-none-any.whl", hash = "sha256:188306098d013b691fcadc011abd66727d3c414c571bb01b1a174ba8c983cf90", size = 6675, upload-time = "2025-01-15T12:07:22.074Z" },
]

[[package]]
name = "typing-extensions"
version = "4.16.0"
source = { registry = "https://pypi.org/simple" }
sdist = { url = "https://files.pythonhosted.org/packages/f6/cc/6253133b5bb138fc3306cebfbda2c520f545d36b5be2c7255cc528bb45d6/typing_extensions-4.16.0.tar.gz", hash = "sha256:dc983d19a509c94dba722ee6abd33940f7c05a89e243c47e907eb4db6f1a43e5", size = 113555, upload-time = "2026-07-02T08:40:05.92Z" }
wheels = [
    { url = "https://files.pythonhosted.org/packages/49/d3/b8441a820a491ddfc024b0b0cf0393375b75ea13866d9c66727e54c2fc80/typing_extensions-4.16.0-py3-none-any.whl", hash = "sha256:481caa481374e813c1b176ada14e97f1f67a4539ce9cfeb3f350d78d6370c2e8", size = 45571, upload-time = "2026-07-02T08:40:04.659Z" },
]

[[package]]
name = "wcwidth"
version = "0.8.4"
source = { registry = "https://pypi.org/simple" }
sdist = { url = "https://files.pythonhosted.org/packages/3d/7a/f98d4ada7c499565ab0c0fcef28a4e54fafa72b8228a6309803c80493c92/wcwidth-0.8.4.tar.gz", hash = "sha256:2dae09efa25253ae2874188e86d6861af3b1652aef4118cdf3f0bda288a957fb", size = 414609, upload-time = "2026-09-17T23:31:45.287Z" }
wheels = [
    { url = "https://files.pythonhosted.org/packages/39/cc/9c0adc5861020de426ec71716b6c1bef8d90694b7d6d0a16202cdb1647f5/wcwidth-0.8.4-py3-none-any.whl", hash = "sha256:2097bb1d28a0ba8fe177c2eb607317f9b1627b03f33ebebfd3da670b337a65ba", size = 299474, upload-time = "2026-09-17T23:31:43.816Z" },
]
